// !$*UTF8*$!
{
	archiveVersion = 1;
	classes = {
	};
	objectVersion = 50;
	objects = {

/* Begin PBXBuildFile section */
		930140AE2833ABCB00C16023 /* VerificationModel.swift in Sources */ = {isa = PBXBuildFile; fileRef = 930140AD2833ABCB00C16023 /* VerificationModel.swift */; };
		930140B12833B1E500C16023 /* MailTextField.swift in Sources */ = {isa = PBXBuildFile; fileRef = 930140B02833B1E500C16023 /* MailTextField.swift */; };
		93A37A552844CE8900A28CCE /* String + Extensions.swift in Sources */ = {isa = PBXBuildFile; fileRef = 93A37A542844CE8900A28CCE /* String + Extensions.swift */; };
		93A37A5B2844DFF900A28CCE /* MailApiKey.swift in Sources */ = {isa = PBXBuildFile; fileRef = 93A37A5A2844DFF900A28CCE /* MailApiKey.swift */; };
		93A37A5E2844E0AE00A28CCE /* NetworkDataManager.swift in Sources */ = {isa = PBXBuildFile; fileRef = 93A37A5D2844E0AE00A28CCE /* NetworkDataManager.swift */; };
		93A37A612844E48E00A28CCE /* MailResponseModel.swift in Sources */ = {isa = PBXBuildFile; fileRef = 93A37A602844E48E00A28CCE /* MailResponseModel.swift */; };
		93A37A662844EB5E00A28CCE /* NetworkDataFetch.swift in Sources */ = {isa = PBXBuildFile; fileRef = 93A37A652844EB5E00A28CCE /* NetworkDataFetch.swift */; };
		93A55F15282EA58B00D65EFA /* MailCollectionView.swift in Sources */ = {isa = PBXBuildFile; fileRef = 93A55F14282EA58B00D65EFA /* MailCollectionView.swift */; };
		93A55F19282EA6A800D65EFA /* MailCollectionViewCell.swift in Sources */ = {isa = PBXBuildFile; fileRef = 93A55F18282EA6A800D65EFA /* MailCollectionViewCell.swift */; };
		93EE4EA4282A8F4000DAAD12 /* AppDelegate.swift in Sources */ = {isa = PBXBuildFile; fileRef = 93EE4EA3282A8F4000DAAD12 /* AppDelegate.swift */; };
		93EE4EA6282A8F4000DAAD12 /* SceneDelegate.swift in Sources */ = {isa = PBXBuildFile; fileRef = 93EE4EA5282A8F4000DAAD12 /* SceneDelegate.swift */; };
		93EE4EAB282A8F4000DAAD12 /* Main.storyboard in Resources */ = {isa = PBXBuildFile; fileRef = 93EE4EA9282A8F4000DAAD12 /* Main.storyboard */; };
		93EE4EAD282A8F4200DAAD12 /* Assets.xcassets in Resources */ = {isa = PBXBuildFile; fileRef = 93EE4EAC282A8F4200DAAD12 /* Assets.xcassets */; };
		93EE4EB0282A8F4200DAAD12 /* LaunchScreen.storyboard in Resources */ = {isa = PBXBuildFile; fileRef = 93EE4EAE282A8F4200DAAD12 /* LaunchScreen.storyboard */; };
		93EE4EC0282A962A00DAAD12 /* VerificationViewController.swift in Sources */ = {isa = PBXBuildFile; fileRef = 93EE4EBF282A962A00DAAD12 /* VerificationViewController.swift */; };
		93F76DBB2846373B00329E40 /* Alerts.swift in Sources */ = {isa = PBXBuildFile; fileRef = 93F76DBA2846373B00329E40 /* Alerts.swift */; };
/* End PBXBuildFile section */

/* Begin PBXFileReference section */
		930140AD2833ABCB00C16023 /* VerificationModel.swift */ = {isa = PBXFileReference; lastKnownFileType = sourcecode.swift; path = VerificationModel.swift; sourceTree = "<group>"; };
		930140B02833B1E500C16023 /* MailTextField.swift */ = {isa = PBXFileReference; lastKnownFileType = sourcecode.swift; path = MailTextField.swift; sourceTree = "<group>"; };
		93A37A542844CE8900A28CCE /* String + Extensions.swift */ = {isa = PBXFileReference; lastKnownFileType = sourcecode.swift; path = "String + Extensions.swift"; sourceTree = "<group>"; };
		93A37A5A2844DFF900A28CCE /* MailApiKey.swift */ = {isa = PBXFileReference; lastKnownFileType = sourcecode.swift; path = MailApiKey.swift; sourceTree = "<group>"; };
		93A37A5D2844E0AE00A28CCE /* NetworkDataManager.swift */ = {isa = PBXFileReference; lastKnownFileType = sourcecode.swift; path = NetworkDataManager.swift; sourceTree = "<group>"; };
		93A37A602844E48E00A28CCE /* MailResponseModel.swift */ = {isa = PBXFileReference; lastKnownFileType = sourcecode.swift; path = MailResponseModel.swift; sourceTree = "<group>"; };
		93A37A652844EB5E00A28CCE /* NetworkDataFetch.swift */ = {isa = PBXFileReference; lastKnownFileType = sourcecode.swift; path = NetworkDataFetch.swift; sourceTree = "<group>"; };
		93A55F14282EA58B00D65EFA /* MailCollectionView.swift */ = {isa = PBXFileReference; lastKnownFileType = sourcecode.swift; path = MailCollectionView.swift; sourceTree = "<group>"; };
		93A55F18282EA6A800D65EFA /* MailCollectionViewCell.swift */ = {isa = PBXFileReference; lastKnownFileType = sourcecode.swift; path = MailCollectionViewCell.swift; sourceTree = "<group>"; };
		93EE4EA0282A8F4000DAAD12 /* TestEmailApp.app */ = {isa = PBXFileReference; explicitFileType = wrapper.application; includeInIndex = 0; path = TestEmailApp.app; sourceTree = BUILT_PRODUCTS_DIR; };
		93EE4EA3282A8F4000DAAD12 /* AppDelegate.swift */ = {isa = PBXFileReference; lastKnownFileType = sourcecode.swift; path = AppDelegate.swift; sourceTree = "<group>"; };
		93EE4EA5282A8F4000DAAD12 /* SceneDelegate.swift */ = {isa = PBXFileReference; lastKnownFileType = sourcecode.swift; path = SceneDelegate.swift; sourceTree = "<group>"; };
		93EE4EAA282A8F4000DAAD12 /* Base */ = {isa = PBXFileReference; lastKnownFileType = file.storyboard; name = Base; path = Base.lproj/Main.storyboard; sourceTree = "<group>"; };
		93EE4EAC282A8F4200DAAD12 /* Assets.xcassets */ = {isa = PBXFileReference; lastKnownFileType = folder.assetcatalog; path = Assets.xcassets; sourceTree = "<group>"; };
		93EE4EAF282A8F4200DAAD12 /* Base */ = {isa = PBXFileReference; lastKnownFileType = file.storyboard; name = Base; path = Base.lproj/LaunchScreen.storyboard; sourceTree = "<group>"; };
		93EE4EB1282A8F4200DAAD12 /* Info.plist */ = {isa = PBXFileReference; lastKnownFileType = text.plist.xml; path = Info.plist; sourceTree = "<group>"; };
		93EE4EBF282A962A00DAAD12 /* VerificationViewController.swift */ = {isa = PBXFileReference; lastKnownFileType = sourcecode.swift; path = VerificationViewController.swift; sourceTree = "<group>"; };
		93F76DBA2846373B00329E40 /* Alerts.swift */ = {isa = PBXFileReference; lastKnownFileType = sourcecode.swift; path = Alerts.swift; sourceTree = "<group>"; };
/* End PBXFileReference section */

/* Begin PBXFrameworksBuildPhase section */
		93EE4E9D282A8F4000DAAD12 /* Frameworks */ = {
			isa = PBXFrameworksBuildPhase;
			buildActionMask = 2147483647;
			files = (
			);
			runOnlyForDeploymentPostprocessing = 0;
		};
/* End PBXFrameworksBuildPhase section */

/* Begin PBXGroup section */
		93A37A532844CE5800A28CCE /* Extensions */ = {
			isa = PBXGroup;
			children = (
				93A37A542844CE8900A28CCE /* String + Extensions.swift */,
			);
			path = Extensions;
			sourceTree = "<group>";
		};
		93A37A632844EB1600A28CCE /* Network */ = {
			isa = PBXGroup;
			children = (
				93A37A5A2844DFF900A28CCE /* MailApiKey.swift */,
				93A37A5D2844E0AE00A28CCE /* NetworkDataManager.swift */,
				93A37A652844EB5E00A28CCE /* NetworkDataFetch.swift */,
			);
			path = Network;
			sourceTree = "<group>";
		};
		93A55F17282EA69300D65EFA /* Cells */ = {
			isa = PBXGroup;
			children = (
				93A55F18282EA6A800D65EFA /* MailCollectionViewCell.swift */,
			);
			path = Cells;
			sourceTree = "<group>";
		};
		93EE4E97282A8F4000DAAD12 = {
			isa = PBXGroup;
			children = (
				93EE4EA2282A8F4000DAAD12 /* TestEmailApp */,
				93EE4EA1282A8F4000DAAD12 /* Products */,
			);
			sourceTree = "<group>";
		};
		93EE4EA1282A8F4000DAAD12 /* Products */ = {
			isa = PBXGroup;
			children = (
				93EE4EA0282A8F4000DAAD12 /* TestEmailApp.app */,
			);
			name = Products;
			sourceTree = "<group>";
		};
		93EE4EA2282A8F4000DAAD12 /* TestEmailApp */ = {
			isa = PBXGroup;
			children = (
				93EE4EB9282A944D00DAAD12 /* Models */,
				93EE4EBA282A945500DAAD12 /* Views */,
				93EE4EBB282A945E00DAAD12 /* Controllers */,
				93EE4EBC282A946600DAAD12 /* SupportingFiles */,
				93A37A532844CE5800A28CCE /* Extensions */,
			);
			path = TestEmailApp;
			sourceTree = "<group>";
		};
		93EE4EB9282A944D00DAAD12 /* Models */ = {
			isa = PBXGroup;
			children = (
				930140AD2833ABCB00C16023 /* VerificationModel.swift */,
				93A37A602844E48E00A28CCE /* MailResponseModel.swift */,
				93A37A632844EB1600A28CCE /* Network */,
			);
			path = Models;
			sourceTree = "<group>";
		};
		93EE4EBA282A945500DAAD12 /* Views */ = {
			isa = PBXGroup;
			children = (
				93A55F17282EA69300D65EFA /* Cells */,
				93A55F14282EA58B00D65EFA /* MailCollectionView.swift */,
				930140B02833B1E500C16023 /* MailTextField.swift */,
				93F76DBA2846373B00329E40 /* Alerts.swift */,
			);
			path = Views;
			sourceTree = "<group>";
		};
		93EE4EBB282A945E00DAAD12 /* Controllers */ = {
			isa = PBXGroup;
			children = (
				93EE4EA9282A8F4000DAAD12 /* Main.storyboard */,
				93EE4EBF282A962A00DAAD12 /* VerificationViewController.swift */,
			);
			path = Controllers;
			sourceTree = "<group>";
		};
		93EE4EBC282A946600DAAD12 /* SupportingFiles */ = {
			isa = PBXGroup;
			children = (
				93EE4EB1282A8F4200DAAD12 /* Info.plist */,
				93EE4EA3282A8F4000DAAD12 /* AppDelegate.swift */,
				93EE4EA5282A8F4000DAAD12 /* SceneDelegate.swift */,
				93EE4EAC282A8F4200DAAD12 /* Assets.xcassets */,
				93EE4EAE282A8F4200DAAD12 /* LaunchScreen.storyboard */,
			);
			path = SupportingFiles;
			sourceTree = "<group>";
		};
/* End PBXGroup section */

/* Begin PBXNativeTarget section */
		93EE4E9F282A8F4000DAAD12 /* TestEmailApp */ = {
			isa = PBXNativeTarget;
			buildConfigurationList = 93EE4EB4282A8F4200DAAD12 /* Build configuration list for PBXNativeTarget "TestEmailApp" */;
			buildPhases = (
				93EE4E9C282A8F4000DAAD12 /* Sources */,
				93EE4E9D282A8F4000DAAD12 /* Frameworks */,
				93EE4E9E282A8F4000DAAD12 /* Resources */,
			);
			buildRules = (
			);
			dependencies = (
			);
			name = TestEmailApp;
			productName = TestEmailApp;
			productReference = 93EE4EA0282A8F4000DAAD12 /* TestEmailApp.app */;
			productType = "com.apple.product-type.application";
		};
/* End PBXNativeTarget section */

/* Begin PBXProject section */
		93EE4E98282A8F4000DAAD12 /* Project object */ = {
			isa = PBXProject;
			attributes = {
				LastSwiftUpdateCheck = 1240;
				LastUpgradeCheck = 1240;
				TargetAttributes = {
					93EE4E9F282A8F4000DAAD12 = {
						CreatedOnToolsVersion = 12.4;
					};
				};
			};
			buildConfigurationList = 93EE4E9B282A8F4000DAAD12 /* Build configuration list for PBXProject "TestEmailApp" */;
			compatibilityVersion = "Xcode 9.3";
			developmentRegion = en;
			hasScannedForEncodings = 0;
			knownRegions = (
				en,
				Base,
			);
			mainGroup = 93EE4E97282A8F4000DAAD12;
			productRefGroup = 93EE4EA1282A8F4000DAAD12 /* Products */;
			projectDirPath = "";
			projectRoot = "";
			targets = (
				93EE4E9F282A8F4000DAAD12 /* TestEmailApp */,
			);
		};
/* End PBXProject section */

/* Begin PBXResourcesBuildPhase section */
		93EE4E9E282A8F4000DAAD12 /* Resources */ = {
			isa = PBXResourcesBuildPhase;
			buildActionMask = 2147483647;
			files = (
				93EE4EB0282A8F4200DAAD12 /* LaunchScreen.storyboard in Resources */,
				93EE4EAD282A8F4200DAAD12 /* Assets.xcassets in Resources */,
				93EE4EAB282A8F4000DAAD12 /* Main.storyboard in Resources */,
			);
			runOnlyForDeploymentPostprocessing = 0;
		};
/* End PBXResourcesBuildPhase section */

/* Begin PBXSourcesBuildPhase section */
		93EE4E9C282A8F4000DAAD12 /* Sources */ = {
			isa = PBXSourcesBuildPhase;
			buildActionMask = 2147483647;
			files = (
				93EE4EC0282A962A00DAAD12 /* VerificationViewController.swift in Sources */,
				93A55F15282EA58B00D65EFA /* MailCollectionView.swift in Sources */,
				93A37A5E2844E0AE00A28CCE /* NetworkDataManager.swift in Sources */,
				930140B12833B1E500C16023 /* MailTextField.swift in Sources */,
				93A55F19282EA6A800D65EFA /* MailCollectionViewCell.swift in Sources */,
				93EE4EA4282A8F4000DAAD12 /* AppDelegate.swift in Sources */,
				93A37A5B2844DFF900A28CCE /* MailApiKey.swift in Sources */,
				93A37A662844EB5E00A28CCE /* NetworkDataFetch.swift in Sources */,
				93A37A612844E48E00A28CCE /* MailResponseModel.swift in Sources */,
				93F76DBB2846373B00329E40 /* Alerts.swift in Sources */,
				930140AE2833ABCB00C16023 /* VerificationModel.swift in Sources */,
				93A37A552844CE8900A28CCE /* String + Extensions.swift in Sources */,
				93EE4EA6282A8F4000DAAD12 /* SceneDelegate.swift in Sources */,
			);
			runOnlyForDeploymentPostprocessing = 0;
		};
/* End PBXSourcesBuildPhase section */

/* Begin PBXVariantGroup section */
		93EE4EA9282A8F4000DAAD12 /* Main.storyboard */ = {
			isa = PBXVariantGroup;
			children = (
				93EE4EAA282A8F4000DAAD12 /* Base */,
			);
			name = Main.storyboard;
			sourceTree = "<group>";
		};
		93EE4EAE282A8F4200DAAD12 /* LaunchScreen.storyboard */ = {
			isa = PBXVariantGroup;
			children = (
				93EE4EAF282A8F4200DAAD12 /* Base */,
			);
			name = LaunchScreen.storyboard;
			sourceTree = "<group>";
		};
/* End PBXVariantGroup section */

/* Begin XCBuildConfiguration section */
		93EE4EB2282A8F4200DAAD12 /* Debug */ = {
			isa = XCBuildConfiguration;
			buildSettings = {
				ALWAYS_SEARCH_USER_PATHS = NO;
				CLANG_ANALYZER_NONNULL = YES;
				CLANG_ANALYZER_NUMBER_OBJECT_CONVERSION = YES_AGGRESSIVE;
				CLANG_CXX_LANGUAGE_STANDARD = "gnu++14";
				CLANG_CXX_LIBRARY = "libc++";
				CLANG_ENABLE_MODULES = YES;
				CLANG_ENABLE_OBJC_ARC = YES;
				CLANG_ENABLE_OBJC_WEAK = YES;
				CLANG_WARN_BLOCK_CAPTURE_AUTORELEASING = YES;
				CLANG_WARN_BOOL_CONVERSION = YES;
				CLANG_WARN_COMMA = YES;
				CLANG_WARN_CONSTANT_CONVERSION = YES;
				CLANG_WARN_DEPRECATED_OBJC_IMPLEMENTATIONS = YES;
				CLANG_WARN_DIRECT_OBJC_ISA_USAGE = YES_ERROR;
				CLANG_WARN_DOCUMENTATION_COMMENTS = YES;
				CLANG_WARN_EMPTY_BODY = YES;
				CLANG_WARN_ENUM_CONVERSION = YES;
				CLANG_WARN_INFINITE_RECURSION = YES;
				CLANG_WARN_INT_CONVERSION = YES;
				CLANG_WARN_NON_LITERAL_NULL_CONVERSION = YES;
				CLANG_WARN_OBJC_IMPLICIT_RETAIN_SELF = YES;
				CLANG_WARN_OBJC_LITERAL_CONVERSION = YES;
				CLANG_WARN_OBJC_ROOT_CLASS = YES_ERROR;
				CLANG_WARN_QUOTED_INCLUDE_IN_FRAMEWORK_HEADER = YES;
				CLANG_WARN_RANGE_LOOP_ANALYSIS = YES;
				CLANG_WARN_STRICT_PROTOTYPES = YES;
				CLANG_WARN_SUSPICIOUS_MOVE = YES;
				CLANG_WARN_UNGUARDED_AVAILABILITY = YES_AGGRESSIVE;
				CLANG_WARN_UNREACHABLE_CODE = YES;
				CLANG_WARN__DUPLICATE_METHOD_MATCH = YES;
				COPY_PHASE_STRIP = NO;
				DEBUG_INFORMATION_FORMAT = dwarf;
				ENABLE_STRICT_OBJC_MSGSEND = YES;
				ENABLE_TESTABILITY = YES;
				GCC_C_LANGUAGE_STANDARD = gnu11;
				GCC_DYNAMIC_NO_PIC = NO;
				GCC_NO_COMMON_BLOCKS = YES;
				GCC_OPTIMIZATION_LEVEL = 0;
				GCC_PREPROCESSOR_DEFINITIONS = (
					"DEBUG=1",
					"$(inherited)",
				);
				GCC_WARN_64_TO_32_BIT_CONVERSION = YES;
				GCC_WARN_ABOUT_RETURN_TYPE = YES_ERROR;
				GCC_WARN_UNDECLARED_SELECTOR = YES;
				GCC_WARN_UNINITIALIZED_AUTOS = YES_AGGRESSIVE;
				GCC_WARN_UNUSED_FUNCTION = YES;
				GCC_WARN_UNUSED_VARIABLE = YES;
				IPHONEOS_DEPLOYMENT_TARGET = 14.4;
				MTL_ENABLE_DEBUG_INFO = INCLUDE_SOURCE;
				MTL_FAST_MATH = YES;
				ONLY_ACTIVE_ARCH = YES;
				SDKROOT = iphoneos;
				SWIFT_ACTIVE_COMPILATION_CONDITIONS = DEBUG;
				SWIFT_OPTIMIZATION_LEVEL = "-Onone";
			};
			name = Debug;
		};
		93EE4EB3282A8F4200DAAD12 /* Release */ = {
			isa = XCBuildConfiguration;
			buildSettings = {
				ALWAYS_SEARCH_USER_PATHS = NO;
				CLANG_ANALYZER_NONNULL = YES;
				CLANG_ANALYZER_NUMBER_OBJECT_CONVERSION = YES_AGGRESSIVE;
				CLANG_CXX_LANGUAGE_STANDARD = "gnu++14";
				CLANG_CXX_LIBRARY = "libc++";
				CLANG_ENABLE_MODULES = YES;
				CLANG_ENABLE_OBJC_ARC = YES;
				CLANG_ENABLE_OBJC_WEAK = YES;
				CLANG_WARN_BLOCK_CAPTURE_AUTORELEASING = YES;
				CLANG_WARN_BOOL_CONVERSION = YES;
				CLANG_WARN_COMMA = YES;
				CLANG_WARN_CONSTANT_CONVERSION = YES;
				CLANG_WARN_DEPRECATED_OBJC_IMPLEMENTATIONS = YES;
				CLANG_WARN_DIRECT_OBJC_ISA_USAGE = YES_ERROR;
				CLANG_WARN_DOCUMENTATION_COMMENTS = YES;
				CLANG_WARN_EMPTY_BODY = YES;
				CLANG_WARN_ENUM_CONVERSION = YES;
				CLANG_WARN_INFINITE_RECURSION = YES;
				CLANG_WARN_INT_CONVERSION = YES;
				CLANG_WARN_NON_LITERAL_NULL_CONVERSION = YES;
				CLANG_WARN_OBJC_IMPLICIT_RETAIN_SELF = YES;
				CLANG_WARN_OBJC_LITERAL_CONVERSION = YES;
				CLANG_WARN_OBJC_ROOT_CLASS = YES_ERROR;
				CLANG_WARN_QUOTED_INCLUDE_IN_FRAMEWORK_HEADER = YES;
				CLANG_WARN_RANGE_LOOP_ANALYSIS = YES;
				CLANG_WARN_STRICT_PROTOTYPES = YES;
				CLANG_WARN_SUSPICIOUS_MOVE = YES;
				CLANG_WARN_UNGUARDED_AVAILABILITY = YES_AGGRESSIVE;
				CLANG_WARN_UNREACHABLE_CODE = YES;
				CLANG_WARN__DUPLICATE_METHOD_MATCH = YES;
				COPY_PHASE_STRIP = NO;
				DEBUG_INFORMATION_FORMAT = "dwarf-with-dsym";
				ENABLE_NS_ASSERTIONS = NO;
				ENABLE_STRICT_OBJC_MSGSEND = YES;
				GCC_C_LANGUAGE_STANDARD = gnu11;
				GCC_NO_COMMON_BLOCKS = YES;
				GCC_WARN_64_TO_32_BIT_CONVERSION = YES;
				GCC_WARN_ABOUT_RETURN_TYPE = YES_ERROR;
				GCC_WARN_UNDECLARED_SELECTOR = YES;
				GCC_WARN_UNINITIALIZED_AUTOS = YES_AGGRESSIVE;
				GCC_WARN_UNUSED_FUNCTION = YES;
				GCC_WARN_UNUSED_VARIABLE = YES;
				IPHONEOS_DEPLOYMENT_TARGET = 14.4;
				MTL_ENABLE_DEBUG_INFO = NO;
				MTL_FAST_MATH = YES;
				SDKROOT = iphoneos;
				SWIFT_COMPILATION_MODE = wholemodule;
				SWIFT_OPTIMIZATION_LEVEL = "-O";
				VALIDATE_PRODUCT = YES;
			};
			name = Release;
		};
		93EE4EB5282A8F4200DAAD12 /* Debug */ = {
			isa = XCBuildConfiguration;
			buildSettings = {
				ASSETCATALOG_COMPILER_APPICON_NAME = AppIcon;
				ASSETCATALOG_COMPILER_GLOBAL_ACCENT_COLOR_NAME = AccentColor;
				CODE_SIGN_STYLE = Automatic;
				INFOPLIST_FILE = TestEmailApp/SupportingFiles/Info.plist;
				LD_RUNPATH_SEARCH_PATHS = (
					"$(inherited)",
					"@executable_path/Frameworks",
				);
				PRODUCT_BUNDLE_IDENTIFIER = MixonUa.TestEmailApp;
				PRODUCT_NAME = "$(TARGET_NAME)";
				SWIFT_VERSION = 5.0;
				TARGETED_DEVICE_FAMILY = "1,2";
			};
			name = Debug;
		};
		93EE4EB6282A8F4200DAAD12 /* Release */ = {
			isa = XCBuildConfiguration;
			buildSettings = {
				ASSETCATALOG_COMPILER_APPICON_NAME = AppIcon;
				ASSETCATALOG_COMPILER_GLOBAL_ACCENT_COLOR_NAME = AccentColor;
				CODE_SIGN_STYLE = Automatic;
				INFOPLIST_FILE = TestEmailApp/SupportingFiles/Info.plist;
				LD_RUNPATH_SEARCH_PATHS = (
					"$(inherited)",
					"@executable_path/Frameworks",
				);
				PRODUCT_BUNDLE_IDENTIFIER = MixonUa.TestEmailApp;
				PRODUCT_NAME = "$(TARGET_NAME)";
				SWIFT_VERSION = 5.0;
				TARGETED_DEVICE_FAMILY = "1,2";
			};
			name = Release;
		};
/* End XCBuildConfiguration section */

/* Begin XCConfigurationList section */
		93EE4E9B282A8F4000DAAD12 /* Build configuration list for PBXProject "TestEmailApp" */ = {
			isa = XCConfigurationList;
			buildConfigurations = (
				93EE4EB2282A8F4200DAAD12 /* Debug */,
				93EE4EB3282A8F4200DAAD12 /* Release */,
			);
			defaultConfigurationIsVisible = 0;
			defaultConfigurationName = Release;
		};
		93EE4EB4282A8F4200DAAD12 /* Build configuration list for PBXNativeTarget "TestEmailApp" */ = {
			isa = XCConfigurationList;
			buildConfigurations = (
				93EE4EB5282A8F4200DAAD12 /* Debug */,
				93EE4EB6282A8F4200DAAD12 /* Release */,
			);
			defaultConfigurationIsVisible = 0;
			defaultConfigurationName = Release;
		};
/* End XCConfigurationList section */
	};
	rootObject = 93EE4E98282A8F4000DAAD12 /* Project object */;
}
